
Microsoft Visual Studio Solution File, Format Version 12.00
# Visual Studio Version 17
VisualStudioVersion = 17.3.32929.385
MinimumVisualStudioVersion = 10.0.40219.1
Project("{FAE04EC0-301F-11D3-BF4B-00C04F79EFBC}") = "WeightedRoundRobin", "WeightedRoundRobin\WeightedRoundRobin.csproj", "{55FADED6-1A9D-4238-A54E-B3DF5C5840D0}"
EndProject
Global
	GlobalSection(SolutionConfigurationPlatforms) = preSolution
		Debug|Any CPU = Debug|Any CPU
		Release|Any CPU = Release|Any CPU
	EndGlobalSection
	GlobalSection(ProjectConfigurationPlatforms) = postSolution
		{55FADED6-1A9D-4238-A54E-B3DF5C5840D0}.Debug|Any CPU.ActiveCfg = Debug|Any CPU
		{55FADED6-1A9D-4238-A54E-B3DF5C5840D0}.Debug|Any CPU.Build.0 = Debug|Any CPU
		{55FADED6-1A9D-4238-A54E-B3DF5C5840D0}.Release|Any CPU.ActiveCfg = Release|Any CPU
		{55FADED6-1A9D-4238-A54E-B3DF5C5840D0}.Release|Any CPU.Build.0 = Release|Any CPU
	EndGlobalSection
	GlobalSection(SolutionProperties) = preSolution
		HideSolutionNode = FALSE
	EndGlobalSection
	GlobalSection(ExtensibilityGlobals) = postSolution
		SolutionGuid = {FDD5FC8F-E797-4889-A51C-F08BFB749398}
	EndGlobalSection
EndGlobal
